Microsoft Visual Studio Solution File, Format Version 12.00
# Visual Studio Version 17
VisualStudioVersion = 17.8.34316.72
MinimumVisualStudioVersion = 10.0.40219.1
Project("{FAE04EC0-301F-11D3-BF4B-00C04F79EFBC}") = "game_15", "game_15\game_15.csproj", "{7A1453FA-6D1C-4BA4-8033-82ED465C9443}"
EndProject
Project("{FAE04EC0-301F-11D3-BF4B-00C04F79EFBC}") = "UnitTestProject", "UnitTestProject\UnitTestProject.csproj", "{8FD56CB4-A62C-48C8-B1D0-D72C69BAAE61}"
EndProject
Global
	GlobalSection(SolutionConfigurationPlatforms) = preSolution
		Debug|Any CPU = Debug|Any CPU
		Release|Any CPU = Release|Any CPU
	EndGlobalSection
	GlobalSection(ProjectConfigurationPlatforms) = postSolution
		{7A1453FA-6D1C-4BA4-8033-82ED465C9443}.Debug|Any CPU.ActiveCfg = Debug|Any CPU
		{7A1453FA-6D1C-4BA4-8033-82ED465C9443}.Debug|Any CPU.Build.0 = Debug|Any CPU
		{7A1453FA-6D1C-4BA4-8033-82ED465C9443}.Release|Any CPU.ActiveCfg = Release|Any CPU
		{7A1453FA-6D1C-4BA4-8033-82ED465C9443}.Release|Any CPU.Build.0 = Release|Any CPU
		{8FD56CB4-A62C-48C8-B1D0-D72C69BAAE61}.Debug|Any CPU.ActiveCfg = Debug|Any CPU
		{8FD56CB4-A62C-48C8-B1D0-D72C69BAAE61}.Debug|Any CPU.Build.0 = Debug|Any CPU
		{8FD56CB4-A62C-48C8-B1D0-D72C69BAAE61}.Release|Any CPU.ActiveCfg = Release|Any CPU
		{8FD56CB4-A62C-48C8-B1D0-D72C69BAAE61}.Release|Any CPU.Build.0 = Release|Any CPU
	EndGlobalSection
	GlobalSection(SolutionProperties) = preSolution
		HideSolutionNode = FALSE
	EndGlobalSection
	GlobalSection(ExtensibilityGlobals) = postSolution
		SolutionGuid = {DD379890-AE52-4D1D-AA08-8F4A74165F3D}
	EndGlobalSection
EndGlobal
